<?xml version="1.0" encoding="UTF-8"?>
<!--
  A test action that needs no application.

  DiskJockeyLibraryTests is host-free by construction: every one of its files
  is `@testable import DiskJockeyLibrary`, so it needs the framework and
  nothing else. The DiskJockey scheme's test action also contains
  DiskJockeyTests, which is app-hosted (TEST_HOST = DiskJockey.app) — and
  getting that host to launch on a CI runner takes either 23 seconds or 14
  minutes, measured 2026-09-10 from xcodebuild's own
  `IDETestOperationsObserverDebug: N elapsed`: 22.8s on a run that finished in
  1m52s, 838s and 849s on runs that finished in 17 minutes, and 367s on the
  runs where xcodebuild gave up entirely and reported "The test runner timed
  out while preparing to run tests".

  The tests themselves are not slow; every suite reports in hundredths of a
  second. The whole distribution is how long the host took to come up.

  So this scheme exists to make that cost optional. It builds and tests the
  library alone: no app, no seven FSKit extensions, no File Provider, no
  signing, nothing to launch.
-->
<Scheme
   LastUpgradeVersion = "2620"
   version = "1.7">
   <BuildAction
      parallelizeBuildables = "YES"
      buildImplicitDependencies = "YES"
      buildArchitectures = "Automatic">
      <BuildActionEntries>
         <BuildActionEntry
            buildForTesting = "YES"
            buildForRunning = "NO"
            buildForProfiling = "NO"
            buildForArchiving = "NO"
            buildForAnalyzing = "NO">
            <BuildableReference
               BuildableIdentifier = "primary"
               BlueprintIdentifier = "501F02662E058C51009EBB59"
               BuildableName = "DiskJockeyLibraryTests.xctest"
               BlueprintName = "DiskJockeyLibraryTests"
               ReferencedContainer = "container:DiskJockey.xcodeproj">
            </BuildableReference>
         </BuildActionEntry>
      </BuildActionEntries>
   </BuildAction>
   <TestAction
      buildConfiguration = "Debug"
      selectedDebuggerIdentifier = "Xcode.DebuggerFoundation.Debugger.LLDB"
      selectedLauncherIdentifier = "Xcode.DebuggerFoundation.Launcher.LLDB"
      shouldUseLaunchSchemeArgsEnv = "YES">
      <Testables>
         <TestableReference
            skipped = "NO">
            <BuildableReference
               BuildableIdentifier = "primary"
               BlueprintIdentifier = "501F02662E058C51009EBB59"
               BuildableName = "DiskJockeyLibraryTests.xctest"
               BlueprintName = "DiskJockeyLibraryTests"
               ReferencedContainer = "container:DiskJockey.xcodeproj">
            </BuildableReference>
         </TestableReference>
      </Testables>
   </TestAction>
   <AnalyzeAction
      buildConfiguration = "Debug">
   </AnalyzeAction>
   <ArchiveAction
      buildConfiguration = "Release"
      revealArchiveInOrganizer = "YES">
   </ArchiveAction>
</Scheme>
